
Microsoft Visual Studio Solution File, Format Version 12.00
# Visual Studio Version 17
VisualStudioVersion = 17.4.33103.184
MinimumVisualStudioVersion = 10.0.40219.1
Project("{2150E333-8FDC-42A3-9474-1A3956D46DE8}") = "CreationalPatterns", "CreationalPatterns", "{C4967EB5-55EB-4AF4-9FEA-F8F74A996C7B}"
EndProject
Project("{2150E333-8FDC-42A3-9474-1A3956D46DE8}") = "StructuralPatterns", "StructuralPatterns", "{309AF882-5E90-4869-BC7B-C325E6EB2D5E}"
EndProject
Project("{2150E333-8FDC-42A3-9474-1A3956D46DE8}") = "BehavioralPatterns", "BehavioralPatterns", "{B02F18F8-ABD7-4E96-BE18-5E69643BDA13}"
EndProject
Project("{9A19103F-16F7-4668-BE54-9A1E7A4F7556}") = "Singleton", "CreationalPatterns\Singleton\Singleton.csproj", "{85E2139A-10E3-4851-8719-24CE8CE8D12B}"
EndProject
Project("{9A19103F-16F7-4668-BE54-9A1E7A4F7556}") = "Builder", "CreationalPatterns\Builder\Builder.csproj", "{2B79533C-7F16-4389-A601-BAC929556E02}"
EndProject
Project("{9A19103F-16F7-4668-BE54-9A1E7A4F7556}") = "FactoryMethod", "CreationalPatterns\FactoryMethod\FactoryMethod.csproj", "{EC9A0C32-B279-4A01-B623-C4F3EBA97DC7}"
EndProject
Project("{9A19103F-16F7-4668-BE54-9A1E7A4F7556}") = "Prototype", "CreationalPatterns\Prototype\Prototype.csproj", "{DAB7A5D6-8F7E-4695-B99F-4C2B5BDD94C2}"
EndProject
Project("{9A19103F-16F7-4668-BE54-9A1E7A4F7556}") = "Proxy", "StructuralPatterns\Proxy\Proxy.csproj", "{C09EE72C-72E0-41C9-A73F-8932F764F929}"
EndProject
Project("{9A19103F-16F7-4668-BE54-9A1E7A4F7556}") = "Decorator", "StructuralPatterns\Decorator\Decorator.csproj", "{018C9955-5992-438B-BBF4-4F1FDC4A71A7}"
EndProject
Project("{9A19103F-16F7-4668-BE54-9A1E7A4F7556}") = "Adapter", "StructuralPatterns\Adapter\Adapter.csproj", "{246FE1DC-9453-4FA1-A9C5-82130B14D20F}"
EndProject
Project("{9A19103F-16F7-4668-BE54-9A1E7A4F7556}") = "Bridge", "StructuralPatterns\Bridge\Bridge.csproj", "{B14B1E26-EDBE-4F7C-989A-80198BD95219}"
EndProject
Project("{9A19103F-16F7-4668-BE54-9A1E7A4F7556}") = "Composite", "StructuralPatterns\Composite\Composite.csproj", "{C1BD3A62-8CD6-4443-A2A8-9B07CDE4BADA}"
EndProject
Project("{9A19103F-16F7-4668-BE54-9A1E7A4F7556}") = "Mediator", "BehavioralPatterns\Mediator\Mediator.csproj", "{68ADDC33-EE36-4B4B-BC0D-5ACBEF377C3D}"
EndProject
Project("{9A19103F-16F7-4668-BE54-9A1E7A4F7556}") = "Observer", "BehavioralPatterns\Observer\Observer.csproj", "{1106AE24-F02D-4053-B614-4C981F9A33F5}"
EndProject
Project("{9A19103F-16F7-4668-BE54-9A1E7A4F7556}") = "Strategy", "BehavioralPatterns\Strategy\Strategy.csproj", "{8A9DC846-3C21-4AA9-B34B-8DE87C2A07DB}"
EndProject
Project("{9A19103F-16F7-4668-BE54-9A1E7A4F7556}") = "TemplateMethod", "BehavioralPatterns\TemplateMethod\TemplateMethod.csproj", "{0903D75B-0FD0-43F6-9589-C70C35287B7C}"
EndProject
Project("{9A19103F-16F7-4668-BE54-9A1E7A4F7556}") = "Visitor", "BehavioralPatterns\Visitor\Visitor.csproj", "{2EDE1BBA-AC2D-40BF-A87E-B17E81853D95}"
EndProject
Project("{2150E333-8FDC-42A3-9474-1A3956D46DE8}") = "SOLID", "SOLID", "{95C787E0-09C6-4DD5-BE64-79FCD7A210A2}"
EndProject
Project("{FAE04EC0-301F-11D3-BF4B-00C04F79EFBC}") = "LabProject.cs", "LabProject.cs\LabProject.cs.csproj", "{A0A910CB-55EF-425B-B049-C7E59435144C}"
EndProject
Global
	GlobalSection(SolutionConfigurationPlatforms) = preSolution
		Debug|Any CPU = Debug|Any CPU
		Release|Any CPU = Release|Any CPU
	EndGlobalSection
	GlobalSection(ProjectConfigurationPlatforms) = postSolution
		{85E2139A-10E3-4851-8719-24CE8CE8D12B}.Debug|Any CPU.ActiveCfg = Debug|Any CPU
		{85E2139A-10E3-4851-8719-24CE8CE8D12B}.Debug|Any CPU.Build.0 = Debug|Any CPU
		{85E2139A-10E3-4851-8719-24CE8CE8D12B}.Release|Any CPU.ActiveCfg = Release|Any CPU
		{85E2139A-10E3-4851-8719-24CE8CE8D12B}.Release|Any CPU.Build.0 = Release|Any CPU
		{2B79533C-7F16-4389-A601-BAC929556E02}.Debug|Any CPU.ActiveCfg = Debug|Any CPU
		{2B79533C-7F16-4389-A601-BAC929556E02}.Debug|Any CPU.Build.0 = Debug|Any CPU
		{2B79533C-7F16-4389-A601-BAC929556E02}.Release|Any CPU.ActiveCfg = Release|Any CPU
		{2B79533C-7F16-4389-A601-BAC929556E02}.Release|Any CPU.Build.0 = Release|Any CPU
		{EC9A0C32-B279-4A01-B623-C4F3EBA97DC7}.Debug|Any CPU.ActiveCfg = Debug|Any CPU
		{EC9A0C32-B279-4A01-B623-C4F3EBA97DC7}.Debug|Any CPU.Build.0 = Debug|Any CPU
		{EC9A0C32-B279-4A01-B623-C4F3EBA97DC7}.Release|Any CPU.ActiveCfg = Release|Any CPU
		{EC9A0C32-B279-4A01-B623-C4F3EBA97DC7}.Release|Any CPU.Build.0 = Release|Any CPU
		{DAB7A5D6-8F7E-4695-B99F-4C2B5BDD94C2}.Debug|Any CPU.ActiveCfg = Debug|Any CPU
		{DAB7A5D6-8F7E-4695-B99F-4C2B5BDD94C2}.Debug|Any CPU.Build.0 = Debug|Any CPU
		{DAB7A5D6-8F7E-4695-B99F-4C2B5BDD94C2}.Release|Any CPU.ActiveCfg = Release|Any CPU
		{DAB7A5D6-8F7E-4695-B99F-4C2B5BDD94C2}.Release|Any CPU.Build.0 = Release|Any CPU
		{C09EE72C-72E0-41C9-A73F-8932F764F929}.Debug|Any CPU.ActiveCfg = Debug|Any CPU
		{C09EE72C-72E0-41C9-A73F-8932F764F929}.Debug|Any CPU.Build.0 = Debug|Any CPU
		{C09EE72C-72E0-41C9-A73F-8932F764F929}.Release|Any CPU.ActiveCfg = Release|Any CPU
		{C09EE72C-72E0-41C9-A73F-8932F764F929}.Release|Any CPU.Build.0 = Release|Any CPU
		{018C9955-5992-438B-BBF4-4F1FDC4A71A7}.Debug|Any CPU.ActiveCfg = Debug|Any CPU
		{018C9955-5992-438B-BBF4-4F1FDC4A71A7}.Debug|Any CPU.Build.0 = Debug|Any CPU
		{018C9955-5992-438B-BBF4-4F1FDC4A71A7}.Release|Any CPU.ActiveCfg = Release|Any CPU
		{018C9955-5992-438B-BBF4-4F1FDC4A71A7}.Release|Any CPU.Build.0 = Release|Any CPU
		{246FE1DC-9453-4FA1-A9C5-82130B14D20F}.Debug|Any CPU.ActiveCfg = Debug|Any CPU
		{246FE1DC-9453-4FA1-A9C5-82130B14D20F}.Debug|Any CPU.Build.0 = Debug|Any CPU
		{246FE1DC-9453-4FA1-A9C5-82130B14D20F}.Release|Any CPU.ActiveCfg = Release|Any CPU
		{246FE1DC-9453-4FA1-A9C5-82130B14D20F}.Release|Any CPU.Build.0 = Release|Any CPU
		{B14B1E26-EDBE-4F7C-989A-80198BD95219}.Debug|Any CPU.ActiveCfg = Debug|Any CPU
		{B14B1E26-EDBE-4F7C-989A-80198BD95219}.Debug|Any CPU.Build.0 = Debug|Any CPU
		{B14B1E26-EDBE-4F7C-989A-80198BD95219}.Release|Any CPU.ActiveCfg = Release|Any CPU
		{B14B1E26-EDBE-4F7C-989A-80198BD95219}.Release|Any CPU.Build.0 = Release|Any CPU
		{C1BD3A62-8CD6-4443-A2A8-9B07CDE4BADA}.Debug|Any CPU.ActiveCfg = Debug|Any CPU
		{C1BD3A62-8CD6-4443-A2A8-9B07CDE4BADA}.Debug|Any CPU.Build.0 = Debug|Any CPU
		{C1BD3A62-8CD6-4443-A2A8-9B07CDE4BADA}.Release|Any CPU.ActiveCfg = Release|Any CPU
		{C1BD3A62-8CD6-4443-A2A8-9B07CDE4BADA}.Release|Any CPU.Build.0 = Release|Any CPU
		{68ADDC33-EE36-4B4B-BC0D-5ACBEF377C3D}.Debug|Any CPU.ActiveCfg = Debug|Any CPU
		{68ADDC33-EE36-4B4B-BC0D-5ACBEF377C3D}.Debug|Any CPU.Build.0 = Debug|Any CPU
		{68ADDC33-EE36-4B4B-BC0D-5ACBEF377C3D}.Release|Any CPU.ActiveCfg = Release|Any CPU
		{68ADDC33-EE36-4B4B-BC0D-5ACBEF377C3D}.Release|Any CPU.Build.0 = Release|Any CPU
		{1106AE24-F02D-4053-B614-4C981F9A33F5}.Debug|Any CPU.ActiveCfg = Debug|Any CPU
		{1106AE24-F02D-4053-B614-4C981F9A33F5}.Debug|Any CPU.Build.0 = Debug|Any CPU
		{1106AE24-F02D-4053-B614-4C981F9A33F5}.Release|Any CPU.ActiveCfg = Release|Any CPU
		{1106AE24-F02D-4053-B614-4C981F9A33F5}.Release|Any CPU.Build.0 = Release|Any CPU
		{8A9DC846-3C21-4AA9-B34B-8DE87C2A07DB}.Debug|Any CPU.ActiveCfg = Debug|Any CPU
		{8A9DC846-3C21-4AA9-B34B-8DE87C2A07DB}.Debug|Any CPU.Build.0 = Debug|Any CPU
		{8A9DC846-3C21-4AA9-B34B-8DE87C2A07DB}.Release|Any CPU.ActiveCfg = Release|Any CPU
		{8A9DC846-3C21-4AA9-B34B-8DE87C2A07DB}.Release|Any CPU.Build.0 = Release|Any CPU
		{0903D75B-0FD0-43F6-9589-C70C35287B7C}.Debug|Any CPU.ActiveCfg = Debug|Any CPU
		{0903D75B-0FD0-43F6-9589-C70C35287B7C}.Debug|Any CPU.Build.0 = Debug|Any CPU
		{0903D75B-0FD0-43F6-9589-C70C35287B7C}.Release|Any CPU.ActiveCfg = Release|Any CPU
		{0903D75B-0FD0-43F6-9589-C70C35287B7C}.Release|Any CPU.Build.0 = Release|Any CPU
		{2EDE1BBA-AC2D-40BF-A87E-B17E81853D95}.Debug|Any CPU.ActiveCfg = Debug|Any CPU
		{2EDE1BBA-AC2D-40BF-A87E-B17E81853D95}.Debug|Any CPU.Build.0 = Debug|Any CPU
		{2EDE1BBA-AC2D-40BF-A87E-B17E81853D95}.Release|Any CPU.ActiveCfg = Release|Any CPU
		{2EDE1BBA-AC2D-40BF-A87E-B17E81853D95}.Release|Any CPU.Build.0 = Release|Any CPU
		{A0A910CB-55EF-425B-B049-C7E59435144C}.Debug|Any CPU.ActiveCfg = Debug|Any CPU
		{A0A910CB-55EF-425B-B049-C7E59435144C}.Debug|Any CPU.Build.0 = Debug|Any CPU
		{A0A910CB-55EF-425B-B049-C7E59435144C}.Release|Any CPU.ActiveCfg = Release|Any CPU
		{A0A910CB-55EF-425B-B049-C7E59435144C}.Release|Any CPU.Build.0 = Release|Any CPU
	EndGlobalSection
	GlobalSection(SolutionProperties) = preSolution
		HideSolutionNode = FALSE
	EndGlobalSection
	GlobalSection(NestedProjects) = preSolution
		{85E2139A-10E3-4851-8719-24CE8CE8D12B} = {C4967EB5-55EB-4AF4-9FEA-F8F74A996C7B}
		{2B79533C-7F16-4389-A601-BAC929556E02} = {C4967EB5-55EB-4AF4-9FEA-F8F74A996C7B}
		{EC9A0C32-B279-4A01-B623-C4F3EBA97DC7} = {C4967EB5-55EB-4AF4-9FEA-F8F74A996C7B}
		{DAB7A5D6-8F7E-4695-B99F-4C2B5BDD94C2} = {C4967EB5-55EB-4AF4-9FEA-F8F74A996C7B}
		{C09EE72C-72E0-41C9-A73F-8932F764F929} = {309AF882-5E90-4869-BC7B-C325E6EB2D5E}
		{018C9955-5992-438B-BBF4-4F1FDC4A71A7} = {309AF882-5E90-4869-BC7B-C325E6EB2D5E}
		{246FE1DC-9453-4FA1-A9C5-82130B14D20F} = {309AF882-5E90-4869-BC7B-C325E6EB2D5E}
		{B14B1E26-EDBE-4F7C-989A-80198BD95219} = {309AF882-5E90-4869-BC7B-C325E6EB2D5E}
		{C1BD3A62-8CD6-4443-A2A8-9B07CDE4BADA} = {309AF882-5E90-4869-BC7B-C325E6EB2D5E}
		{68ADDC33-EE36-4B4B-BC0D-5ACBEF377C3D} = {B02F18F8-ABD7-4E96-BE18-5E69643BDA13}
		{1106AE24-F02D-4053-B614-4C981F9A33F5} = {B02F18F8-ABD7-4E96-BE18-5E69643BDA13}
		{8A9DC846-3C21-4AA9-B34B-8DE87C2A07DB} = {B02F18F8-ABD7-4E96-BE18-5E69643BDA13}
		{0903D75B-0FD0-43F6-9589-C70C35287B7C} = {B02F18F8-ABD7-4E96-BE18-5E69643BDA13}
		{2EDE1BBA-AC2D-40BF-A87E-B17E81853D95} = {B02F18F8-ABD7-4E96-BE18-5E69643BDA13}
		{A0A910CB-55EF-425B-B049-C7E59435144C} = {95C787E0-09C6-4DD5-BE64-79FCD7A210A2}
	EndGlobalSection
	GlobalSection(ExtensibilityGlobals) = postSolution
		SolutionGuid = {0EF2DA2E-15C6-444E-9969-E698E1251043}
	EndGlobalSection
EndGlobal
